// !$*UTF8*$!
{
	archiveVersion = 1;
	classes = {
	};
	objectVersion = 77;
	objects = {

/* Begin PBXBuildFile section */
		D208A2592DCFD4C30061EBDD /* User+CoreDataProperties.swift in Sources */ = {isa = PBXBuildFile; fileRef = D208A2582DCFD4C30061EBDD /* User+CoreDataProperties.swift */; };
		D208A25A2DCFD4C30061EBDD /* Book+CoreDataClass.swift in Sources */ = {isa = PBXBuildFile; fileRef = D208A2512DCFD4C30061EBDD /* Book+CoreDataClass.swift */; };
		D208A25B2DCFD4C30061EBDD /* Order+CoreDataProperties.swift in Sources */ = {isa = PBXBuildFile; fileRef = D208A2562DCFD4C30061EBDD /* Order+CoreDataProperties.swift */; };
		D208A25C2DCFD4C30061EBDD /* Bookstore+CoreDataClass.swift in Sources */ = {isa = PBXBuildFile; fileRef = D208A2532DCFD4C30061EBDD /* Bookstore+CoreDataClass.swift */; };
		D208A25D2DCFD4C30061EBDD /* Order+CoreDataClass.swift in Sources */ = {isa = PBXBuildFile; fileRef = D208A2552DCFD4C30061EBDD /* Order+CoreDataClass.swift */; };
		D208A25E2DCFD4C30061EBDD /* Book+CoreDataProperties.swift in Sources */ = {isa = PBXBuildFile; fileRef = D208A2522DCFD4C30061EBDD /* Book+CoreDataProperties.swift */; };
		D208A25F2DCFD4C30061EBDD /* Bookstore+CoreDataProperties.swift in Sources */ = {isa = PBXBuildFile; fileRef = D208A2542DCFD4C30061EBDD /* Bookstore+CoreDataProperties.swift */; };
		D208A2602DCFD4C30061EBDD /* User+CoreDataClass.swift in Sources */ = {isa = PBXBuildFile; fileRef = D208A2572DCFD4C30061EBDD /* User+CoreDataClass.swift */; };
/* End PBXBuildFile section */

/* Begin PBXContainerItemProxy section */
		D208A2352DCFD0870061EBDD /* PBXContainerItemProxy */ = {
			isa = PBXContainerItemProxy;
			containerPortal = D208A2172DCFD06B0061EBDD /* Project object */;
			proxyType = 1;
			remoteGlobalIDString = D208A21E2DCFD06B0061EBDD;
			remoteInfo = LibraryProject;
		};
		D208A23F2DCFD0870061EBDD /* PBXContainerItemProxy */ = {
			isa = PBXContainerItemProxy;
			containerPortal = D208A2172DCFD06B0061EBDD /* Project object */;
			proxyType = 1;
			remoteGlobalIDString = D208A21E2DCFD06B0061EBDD;
			remoteInfo = LibraryProject;
		};
/* End PBXContainerItemProxy section */

/* Begin PBXFileReference section */
		D208A21F2DCFD06B0061EBDD /* LibraryProject.app */ = {isa = PBXFileReference; explicitFileType = wrapper.application; includeInIndex = 0; path = LibraryProject.app; sourceTree = BUILT_PRODUCTS_DIR; };
		D208A2342DCFD0870061EBDD /* LibraryProjectTests.xctest */ = {isa = PBXFileReference; explicitFileType = wrapper.cfbundle; includeInIndex = 0; path = LibraryProjectTests.xctest; sourceTree = BUILT_PRODUCTS_DIR; };
		D208A23E2DCFD0870061EBDD /* LibraryProjectUITests.xctest */ = {isa = PBXFileReference; explicitFileType = wrapper.cfbundle; includeInIndex = 0; path = LibraryProjectUITests.xctest; sourceTree = BUILT_PRODUCTS_DIR; };
		D208A2512DCFD4C30061EBDD /* Book+CoreDataClass.swift */ = {isa = PBXFileReference; lastKnownFileType = sourcecode.swift; path = "Book+CoreDataClass.swift"; sourceTree = "<group>"; };
		D208A2522DCFD4C30061EBDD /* Book+CoreDataProperties.swift */ = {isa = PBXFileReference; lastKnownFileType = sourcecode.swift; path = "Book+CoreDataProperties.swift"; sourceTree = "<group>"; };
		D208A2532DCFD4C30061EBDD /* Bookstore+CoreDataClass.swift */ = {isa = PBXFileReference; lastKnownFileType = sourcecode.swift; path = "Bookstore+CoreDataClass.swift"; sourceTree = "<group>"; };
		D208A2542DCFD4C30061EBDD /* Bookstore+CoreDataProperties.swift */ = {isa = PBXFileReference; lastKnownFileType = sourcecode.swift; path = "Bookstore+CoreDataProperties.swift"; sourceTree = "<group>"; };
		D208A2552DCFD4C30061EBDD /* Order+CoreDataClass.swift */ = {isa = PBXFileReference; lastKnownFileType = sourcecode.swift; path = "Order+CoreDataClass.swift"; sourceTree = "<group>"; };
		D208A2562DCFD4C30061EBDD /* Order+CoreDataProperties.swift */ = {isa = PBXFileReference; lastKnownFileType = sourcecode.swift; path = "Order+CoreDataProperties.swift"; sourceTree = "<group>"; };
		D208A2572DCFD4C30061EBDD /* User+CoreDataClass.swift */ = {isa = PBXFileReference; lastKnownFileType = sourcecode.swift; path = "User+CoreDataClass.swift"; sourceTree = "<group>"; };
		D208A2582DCFD4C30061EBDD /* User+CoreDataProperties.swift */ = {isa = PBXFileReference; lastKnownFileType = sourcecode.swift; path = "User+CoreDataProperties.swift"; sourceTree = "<group>"; };
/* End PBXFileReference section */

/* Begin PBXFileSystemSynchronizedRootGroup section */
		D208A2212DCFD06B0061EBDD /* LibraryProject */ = {
			isa = PBXFileSystemSynchronizedRootGroup;
			path = LibraryProject;
			sourceTree = "<group>";
		};
		D208A2372DCFD0870061EBDD /* LibraryProjectTests */ = {
			isa = PBXFileSystemSynchronizedRootGroup;
			path = LibraryProjectTests;
			sourceTree = "<group>";
		};
		D208A2412DCFD0870061EBDD /* LibraryProjectUITests */ = {
			isa = PBXFileSystemSynchronizedRootGroup;
			path = LibraryProjectUITests;
			sourceTree = "<group>";
		};
/* End PBXFileSystemSynchronizedRootGroup section */

/* Begin PBXFrameworksBuildPhase section */
		D208A21C2DCFD06B0061EBDD /* Frameworks */ = {
			isa = PBXFrameworksBuildPhase;
			buildActionMask = 2147483647;
			files = (
			);
			runOnlyForDeploymentPostprocessing = 0;
		};
		D208A2312DCFD0870061EBDD /* Frameworks */ = {
			isa = PBXFrameworksBuildPhase;
			buildActionMask = 2147483647;
			files = (
			);
			runOnlyForDeploymentPostprocessing = 0;
		};
		D208A23B2DCFD0870061EBDD /* Frameworks */ = {
			isa = PBXFrameworksBuildPhase;
			buildActionMask = 2147483647;
			files = (
			);
			runOnlyForDeploymentPostprocessing = 0;
		};
/* End PBXFrameworksBuildPhase section */

/* Begin PBXGroup section */
		D208A2162DCFD06B0061EBDD = {
			isa = PBXGroup;
			children = (
				D208A2512DCFD4C30061EBDD /* Book+CoreDataClass.swift */,
				D208A2522DCFD4C30061EBDD /* Book+CoreDataProperties.swift */,
				D208A2532DCFD4C30061EBDD /* Bookstore+CoreDataClass.swift */,
				D208A2542DCFD4C30061EBDD /* Bookstore+CoreDataProperties.swift */,
				D208A2552DCFD4C30061EBDD /* Order+CoreDataClass.swift */,
				D208A2562DCFD4C30061EBDD /* Order+CoreDataProperties.swift */,
				D208A2572DCFD4C30061EBDD /* User+CoreDataClass.swift */,
				D208A2582DCFD4C30061EBDD /* User+CoreDataProperties.swift */,
				D208A2212DCFD06B0061EBDD /* LibraryProject */,
				D208A2372DCFD0870061EBDD /* LibraryProjectTests */,
				D208A2412DCFD0870061EBDD /* LibraryProjectUITests */,
				D208A2202DCFD06B0061EBDD /* Products */,
			);
			sourceTree = "<group>";
		};
		D208A2202DCFD06B0061EBDD /* Products */ = {
			isa = PBXGroup;
			children = (
				D208A21F2DCFD06B0061EBDD /* LibraryProject.app */,
				D208A2342DCFD0870061EBDD /* LibraryProjectTests.xctest */,
				D208A23E2DCFD0870061EBDD /* LibraryProjectUITests.xctest */,
			);
			name = Products;
			sourceTree = "<group>";
		};
/* End PBXGroup section */

/* Begin PBXNativeTarget section */
		D208A21E2DCFD06B0061EBDD /* LibraryProject */ = {
			isa = PBXNativeTarget;
			buildConfigurationList = D208A2482DCFD0880061EBDD /* Build configuration list for PBXNativeTarget "LibraryProject" */;
			buildPhases = (
				D208A21B2DCFD06B0061EBDD /* Sources */,
				D208A21C2DCFD06B0061EBDD /* Frameworks */,
				D208A21D2DCFD06B0061EBDD /* Resources */,
			);
			buildRules = (
			);
			dependencies = (
			);
			fileSystemSynchronizedGroups = (
				D208A2212DCFD06B0061EBDD /* LibraryProject */,
			);
			name = LibraryProject;
			packageProductDependencies = (
			);
			productName = LibraryProject;
			productReference = D208A21F2DCFD06B0061EBDD /* LibraryProject.app */;
			productType = "com.apple.product-type.application";
		};
		D208A2332DCFD0870061EBDD /* LibraryProjectTests */ = {
			isa = PBXNativeTarget;
			buildConfigurationList = D208A24B2DCFD0880061EBDD /* Build configuration list for PBXNativeTarget "LibraryProjectTests" */;
			buildPhases = (
				D208A2302DCFD0870061EBDD /* Sources */,
				D208A2312DCFD0870061EBDD /* Frameworks */,
				D208A2322DCFD0870061EBDD /* Resources */,
			);
			buildRules = (
			);
			dependencies = (
				D208A2362DCFD0870061EBDD /* PBXTargetDependency */,
			);
			fileSystemSynchronizedGroups = (
				D208A2372DCFD0870061EBDD /* LibraryProjectTests */,
			);
			name = LibraryProjectTests;
			packageProductDependencies = (
			);
			productName = LibraryProjectTests;
			productReference = D208A2342DCFD0870061EBDD /* LibraryProjectTests.xctest */;
			productType = "com.apple.product-type.bundle.unit-test";
		};
		D208A23D2DCFD0870061EBDD /* LibraryProjectUITests */ = {
			isa = PBXNativeTarget;
			buildConfigurationList = D208A24E2DCFD0880061EBDD /* Build configuration list for PBXNativeTarget "LibraryProjectUITests" */;
			buildPhases = (
				D208A23A2DCFD0870061EBDD /* Sources */,
				D208A23B2DCFD0870061EBDD /* Frameworks */,
				D208A23C2DCFD0870061EBDD /* Resources */,
			);
			buildRules = (
			);
			dependencies = (
				D208A2402DCFD0870061EBDD /* PBXTargetDependency */,
			);
			fileSystemSynchronizedGroups = (
				D208A2412DCFD0870061EBDD /* LibraryProjectUITests */,
			);
			name = LibraryProjectUITests;
			packageProductDependencies = (
			);
			productName = LibraryProjectUITests;
			productReference = D208A23E2DCFD0870061EBDD /* LibraryProjectUITests.xctest */;
			productType = "com.apple.product-type.bundle.ui-testing";
		};
/* End PBXNativeTarget section */

/* Begin PBXProject section */
		D208A2172DCFD06B0061EBDD /* Project object */ = {
			isa = PBXProject;
			attributes = {
				BuildIndependentTargetsInParallel = 1;
				LastSwiftUpdateCheck = 1620;
				LastUpgradeCheck = 1620;
				TargetAttributes = {
					D208A21E2DCFD06B0061EBDD = {
						CreatedOnToolsVersion = 16.2;
					};
					D208A2332DCFD0870061EBDD = {
						CreatedOnToolsVersion = 16.2;
						TestTargetID = D208A21E2DCFD06B0061EBDD;
					};
					D208A23D2DCFD0870061EBDD = {
						CreatedOnToolsVersion = 16.2;
						TestTargetID = D208A21E2DCFD06B0061EBDD;
					};
				};
			};
			buildConfigurationList = D208A21A2DCFD06B0061EBDD /* Build configuration list for PBXProject "LibraryProject" */;
			developmentRegion = en;
			hasScannedForEncodings = 0;
			knownRegions = (
				en,
				Base,
			);
			mainGroup = D208A2162DCFD06B0061EBDD;
			minimizedProjectReferenceProxies = 1;
			preferredProjectObjectVersion = 77;
			productRefGroup = D208A2202DCFD06B0061EBDD /* Products */;
			projectDirPath = "";
			projectRoot = "";
			targets = (
				D208A21E2DCFD06B0061EBDD /* LibraryProject */,
				D208A2332DCFD0870061EBDD /* LibraryProjectTests */,
				D208A23D2DCFD0870061EBDD /* LibraryProjectUITests */,
			);
		};
/* End PBXProject section */

/* Begin PBXResourcesBuildPhase section */
		D208A21D2DCFD06B0061EBDD /* Resources */ = {
			isa = PBXResourcesBuildPhase;
			buildActionMask = 2147483647;
			files = (
			);
			runOnlyForDeploymentPostprocessing = 0;
		};
		D208A2322DCFD0870061EBDD /* Resources */ = {
			isa = PBXResourcesBuildPhase;
			buildActionMask = 2147483647;
			files = (
			);
			runOnlyForDeploymentPostprocessing = 0;
		};
		D208A23C2DCFD0870061EBDD /* Resources */ = {
			isa = PBXResourcesBuildPhase;
			buildActionMask = 2147483647;
			files = (
			);
			runOnlyForDeploymentPostprocessing = 0;
		};
/* End PBXResourcesBuildPhase section */

/* Begin PBXSourcesBuildPhase section */
		D208A21B2DCFD06B0061EBDD /* Sources */ = {
			isa = PBXSourcesBuildPhase;
			buildActionMask = 2147483647;
			files = (
				D208A2592DCFD4C30061EBDD /* User+CoreDataProperties.swift in Sources */,
				D208A25A2DCFD4C30061EBDD /* Book+CoreDataClass.swift in Sources */,
				D208A25B2DCFD4C30061EBDD /* Order+CoreDataProperties.swift in Sources */,
				D208A25C2DCFD4C30061EBDD /* Bookstore+CoreDataClass.swift in Sources */,
				D208A25D2DCFD4C30061EBDD /* Order+CoreDataClass.swift in Sources */,
				D208A25E2DCFD4C30061EBDD /* Book+CoreDataProperties.swift in Sources */,
				D208A25F2DCFD4C30061EBDD /* Bookstore+CoreDataProperties.swift in Sources */,
				D208A2602DCFD4C30061EBDD /* User+CoreDataClass.swift in Sources */,
			);
			runOnlyForDeploymentPostprocessing = 0;
		};
		D208A2302DCFD0870061EBDD /* Sources */ = {
			isa = PBXSourcesBuildPhase;
			buildActionMask = 2147483647;
			files = (
			);
			runOnlyForDeploymentPostprocessing = 0;
		};
		D208A23A2DCFD0870061EBDD /* Sources */ = {
			isa = PBXSourcesBuildPhase;
			buildActionMask = 2147483647;
			files = (
			);
			runOnlyForDeploymentPostprocessing = 0;
		};
/* End PBXSourcesBuildPhase section */

/* Begin PBXTargetDependency section */
		D208A2362DCFD0870061EBDD /* PBXTargetDependency */ = {
			isa = PBXTargetDependency;
			target = D208A21E2DCFD06B0061EBDD /* LibraryProject */;
			targetProxy = D208A2352DCFD0870061EBDD /* PBXContainerItemProxy */;
		};
		D208A2402DCFD0870061EBDD /* PBXTargetDependency */ = {
			isa = PBXTargetDependency;
			target = D208A21E2DCFD06B0061EBDD /* LibraryProject */;
			targetProxy = D208A23F2DCFD0870061EBDD /* PBXContainerItemProxy */;
		};
/* End PBXTargetDependency section */

/* Begin XCBuildConfiguration section */
		D208A2462DCFD0880061EBDD /* Debug */ = {
			isa = XCBuildConfiguration;
			buildSettings = {
				ALWAYS_SEARCH_USER_PATHS = NO;
				ASSETCATALOG_COMPILER_GENERATE_SWIFT_ASSET_SYMBOL_EXTENSIONS = YES;
				CLANG_ANALYZER_NONNULL = YES;
				CLANG_ANALYZER_NUMBER_OBJECT_CONVERSION = YES_AGGRESSIVE;
				CLANG_CXX_LANGUAGE_STANDARD = "gnu++20";
				CLANG_ENABLE_MODULES = YES;
				CLANG_ENABLE_OBJC_ARC = YES;
				CLANG_ENABLE_OBJC_WEAK = YES;
				CLANG_WARN_BLOCK_CAPTURE_AUTORELEASING = YES;
				CLANG_WARN_BOOL_CONVERSION = YES;
				CLANG_WARN_COMMA = YES;
				CLANG_WARN_CONSTANT_CONVERSION = YES;
				CLANG_WARN_DEPRECATED_OBJC_IMPLEMENTATIONS = YES;
				CLANG_WARN_DIRECT_OBJC_ISA_USAGE = YES_ERROR;
				CLANG_WARN_DOCUMENTATION_COMMENTS = YES;
				CLANG_WARN_EMPTY_BODY = YES;
				CLANG_WARN_ENUM_CONVERSION = YES;
				CLANG_WARN_INFINITE_RECURSION = YES;
				CLANG_WARN_INT_CONVERSION = YES;
				CLANG_WARN_NON_LITERAL_NULL_CONVERSION = YES;
				CLANG_WARN_OBJC_IMPLICIT_RETAIN_SELF = YES;
				CLANG_WARN_OBJC_LITERAL_CONVERSION = YES;
				CLANG_WARN_OBJC_ROOT_CLASS = YES_ERROR;
				CLANG_WARN_QUOTED_INCLUDE_IN_FRAMEWORK_HEADER = YES;
				CLANG_WARN_RANGE_LOOP_ANALYSIS = YES;
				CLANG_WARN_STRICT_PROTOTYPES = YES;
				CLANG_WARN_SUSPICIOUS_MOVE = YES;
				CLANG_WARN_UNGUARDED_AVAILABILITY = YES_AGGRESSIVE;
				CLANG_WARN_UNREACHABLE_CODE = YES;
				CLANG_WARN__DUPLICATE_METHOD_MATCH = YES;
				COPY_PHASE_STRIP = NO;
				DEBUG_INFORMATION_FORMAT = dwarf;
				ENABLE_STRICT_OBJC_MSGSEND = YES;
				ENABLE_TESTABILITY = YES;
				ENABLE_USER_SCRIPT_SANDBOXING = YES;
				GCC_C_LANGUAGE_STANDARD = gnu17;
				GCC_DYNAMIC_NO_PIC = NO;
				GCC_NO_COMMON_BLOCKS = YES;
				GCC_OPTIMIZATION_LEVEL = 0;
				GCC_PREPROCESSOR_DEFINITIONS = (
					"DEBUG=1",
					"$(inherited)",
				);
				GCC_WARN_64_TO_32_BIT_CONVERSION = YES;
				GCC_WARN_ABOUT_RETURN_TYPE = YES_ERROR;
				GCC_WARN_UNDECLARED_SELECTOR = YES;
				GCC_WARN_UNINITIALIZED_AUTOS = YES_AGGRESSIVE;
				GCC_WARN_UNUSED_FUNCTION = YES;
				GCC_WARN_UNUSED_VARIABLE = YES;
				IPHONEOS_DEPLOYMENT_TARGET = 18.2;
				LOCALIZATION_PREFERS_STRING_CATALOGS = YES;
				MTL_ENABLE_DEBUG_INFO = INCLUDE_SOURCE;
				MTL_FAST_MATH = YES;
				ONLY_ACTIVE_ARCH = YES;
				SDKROOT = iphoneos;
				SWIFT_ACTIVE_COMPILATION_CONDITIONS = "DEBUG $(inherited)";
				SWIFT_OPTIMIZATION_LEVEL = "-Onone";
			};
			name = Debug;
		};
		D208A2472DCFD0880061EBDD /* Release */ = {
			isa = XCBuildConfiguration;
			buildSettings = {
				ALWAYS_SEARCH_USER_PATHS = NO;
				ASSETCATALOG_COMPILER_GENERATE_SWIFT_ASSET_SYMBOL_EXTENSIONS = YES;
				CLANG_ANALYZER_NONNULL = YES;
				CLANG_ANALYZER_NUMBER_OBJECT_CONVERSION = YES_AGGRESSIVE;
				CLANG_CXX_LANGUAGE_STANDARD = "gnu++20";
				CLANG_ENABLE_MODULES = YES;
				CLANG_ENABLE_OBJC_ARC = YES;
				CLANG_ENABLE_OBJC_WEAK = YES;
				CLANG_WARN_BLOCK_CAPTURE_AUTORELEASING = YES;
				CLANG_WARN_BOOL_CONVERSION = YES;
				CLANG_WARN_COMMA = YES;
				CLANG_WARN_CONSTANT_CONVERSION = YES;
				CLANG_WARN_DEPRECATED_OBJC_IMPLEMENTATIONS = YES;
				CLANG_WARN_DIRECT_OBJC_ISA_USAGE = YES_ERROR;
				CLANG_WARN_DOCUMENTATION_COMMENTS = YES;
				CLANG_WARN_EMPTY_BODY = YES;
				CLANG_WARN_ENUM_CONVERSION = YES;
				CLANG_WARN_INFINITE_RECURSION = YES;
				CLANG_WARN_INT_CONVERSION = YES;
				CLANG_WARN_NON_LITERAL_NULL_CONVERSION = YES;
				CLANG_WARN_OBJC_IMPLICIT_RETAIN_SELF = YES;
				CLANG_WARN_OBJC_LITERAL_CONVERSION = YES;
				CLANG_WARN_OBJC_ROOT_CLASS = YES_ERROR;
				CLANG_WARN_QUOTED_INCLUDE_IN_FRAMEWORK_HEADER = YES;
				CLANG_WARN_RANGE_LOOP_ANALYSIS = YES;
				CLANG_WARN_STRICT_PROTOTYPES = YES;
				CLANG_WARN_SUSPICIOUS_MOVE = YES;
				CLANG_WARN_UNGUARDED_AVAILABILITY = YES_AGGRESSIVE;
				CLANG_WARN_UNREACHABLE_CODE = YES;
				CLANG_WARN__DUPLICATE_METHOD_MATCH = YES;
				COPY_PHASE_STRIP = NO;
				DEBUG_INFORMATION_FORMAT = "dwarf-with-dsym";
				ENABLE_NS_ASSERTIONS = NO;
				ENABLE_STRICT_OBJC_MSGSEND = YES;
				ENABLE_USER_SCRIPT_SANDBOXING = YES;
				GCC_C_LANGUAGE_STANDARD = gnu17;
				GCC_NO_COMMON_BLOCKS = YES;
				GCC_WARN_64_TO_32_BIT_CONVERSION = YES;
				GCC_WARN_ABOUT_RETURN_TYPE = YES_ERROR;
				GCC_WARN_UNDECLARED_SELECTOR = YES;
				GCC_WARN_UNINITIALIZED_AUTOS = YES_AGGRESSIVE;
				GCC_WARN_UNUSED_FUNCTION = YES;
				GCC_WARN_UNUSED_VARIABLE = YES;
				IPHONEOS_DEPLOYMENT_TARGET = 18.2;
				LOCALIZATION_PREFERS_STRING_CATALOGS = YES;
				MTL_ENABLE_DEBUG_INFO = NO;
				MTL_FAST_MATH = YES;
				SDKROOT = iphoneos;
				SWIFT_COMPILATION_MODE = wholemodule;
				VALIDATE_PRODUCT = YES;
			};
			name = Release;
		};
		D208A2492DCFD0880061EBDD /* Debug */ = {
			isa = XCBuildConfiguration;
			buildSettings = {
				ASSETCATALOG_COMPILER_APPICON_NAME = AppIcon;
				ASSETCATALOG_COMPILER_GLOBAL_ACCENT_COLOR_NAME = AccentColor;
				CODE_SIGN_STYLE = Automatic;
				CURRENT_PROJECT_VERSION = 1;
				DEVELOPMENT_ASSET_PATHS = "\"LibraryProject/Preview Content\"";
				ENABLE_PREVIEWS = YES;
				GENERATE_INFOPLIST_FILE = YES;
				INFOPLIST_KEY_UIApplicationSceneManifest_Generation = YES;
				INFOPLIST_KEY_UIApplicationSupportsIndirectInputEvents = YES;
				INFOPLIST_KEY_UILaunchScreen_Generation = YES;
				INFOPLIST_KEY_UISupportedInterfaceOrientations_iPad = "UIInterfaceOrientationPortrait UIInterfaceOrientationPortraitUpsideDown UIInterfaceOrientationLandscapeLeft UIInterfaceOrientationLandscapeRight";
				INFOPLIST_KEY_UISupportedInterfaceOrientations_iPhone = "UIInterfaceOrientationPortrait UIInterfaceOrientationLandscapeLeft UIInterfaceOrientationLandscapeRight";
				LD_RUNPATH_SEARCH_PATHS = (
					"$(inherited)",
					"@executable_path/Frameworks",
				);
				MARKETING_VERSION = 1.0;
				PRODUCT_BUNDLE_IDENTIFIER = com.LibraryProject;
				PRODUCT_NAME = "$(TARGET_NAME)";
				SWIFT_EMIT_LOC_STRINGS = YES;
				SWIFT_VERSION = 5.0;
				TARGETED_DEVICE_FAMILY = "1,2";
			};
			name = Debug;
		};
		D208A24A2DCFD0880061EBDD /* Release */ = {
			isa = XCBuildConfiguration;
			buildSettings = {
				ASSETCATALOG_COMPILER_APPICON_NAME = AppIcon;
				ASSETCATALOG_COMPILER_GLOBAL_ACCENT_COLOR_NAME = AccentColor;
				CODE_SIGN_STYLE = Automatic;
				CURRENT_PROJECT_VERSION = 1;
				DEVELOPMENT_ASSET_PATHS = "\"LibraryProject/Preview Content\"";
				ENABLE_PREVIEWS = YES;
				GENERATE_INFOPLIST_FILE = YES;
				INFOPLIST_KEY_UIApplicationSceneManifest_Generation = YES;
				INFOPLIST_KEY_UIApplicationSupportsIndirectInputEvents = YES;
				INFOPLIST_KEY_UILaunchScreen_Generation = YES;
				INFOPLIST_KEY_UISupportedInterfaceOrientations_iPad = "UIInterfaceOrientationPortrait UIInterfaceOrientationPortraitUpsideDown UIInterfaceOrientationLandscapeLeft UIInterfaceOrientationLandscapeRight";
				INFOPLIST_KEY_UISupportedInterfaceOrientations_iPhone = "UIInterfaceOrientationPortrait UIInterfaceOrientationLandscapeLeft UIInterfaceOrientationLandscapeRight";
				LD_RUNPATH_SEARCH_PATHS = (
					"$(inherited)",
					"@executable_path/Frameworks",
				);
				MARKETING_VERSION = 1.0;
				PRODUCT_BUNDLE_IDENTIFIER = com.LibraryProject;
				PRODUCT_NAME = "$(TARGET_NAME)";
				SWIFT_EMIT_LOC_STRINGS = YES;
				SWIFT_VERSION = 5.0;
				TARGETED_DEVICE_FAMILY = "1,2";
			};
			name = Release;
		};
		D208A24C2DCFD0880061EBDD /* Debug */ = {
			isa = XCBuildConfiguration;
			buildSettings = {
				BUNDLE_LOADER = "$(TEST_HOST)";
				CODE_SIGN_STYLE = Automatic;
				CURRENT_PROJECT_VERSION = 1;
				GENERATE_INFOPLIST_FILE = YES;
				IPHONEOS_DEPLOYMENT_TARGET = 18.2;
				MARKETING_VERSION = 1.0;
				PRODUCT_BUNDLE_IDENTIFIER = com.LibraryProjectTests;
				PRODUCT_NAME = "$(TARGET_NAME)";
				SWIFT_EMIT_LOC_STRINGS = NO;
				SWIFT_VERSION = 5.0;
				TARGETED_DEVICE_FAMILY = "1,2";
				TEST_HOST = "$(BUILT_PRODUCTS_DIR)/LibraryProject.app/$(BUNDLE_EXECUTABLE_FOLDER_PATH)/LibraryProject";
			};
			name = Debug;
		};
		D208A24D2DCFD0880061EBDD /* Release */ = {
			isa = XCBuildConfiguration;
			buildSettings = {
				BUNDLE_LOADER = "$(TEST_HOST)";
				CODE_SIGN_STYLE = Automatic;
				CURRENT_PROJECT_VERSION = 1;
				GENERATE_INFOPLIST_FILE = YES;
				IPHONEOS_DEPLOYMENT_TARGET = 18.2;
				MARKETING_VERSION = 1.0;
				PRODUCT_BUNDLE_IDENTIFIER = com.LibraryProjectTests;
				PRODUCT_NAME = "$(TARGET_NAME)";
				SWIFT_EMIT_LOC_STRINGS = NO;
				SWIFT_VERSION = 5.0;
				TARGETED_DEVICE_FAMILY = "1,2";
				TEST_HOST = "$(BUILT_PRODUCTS_DIR)/LibraryProject.app/$(BUNDLE_EXECUTABLE_FOLDER_PATH)/LibraryProject";
			};
			name = Release;
		};
		D208A24F2DCFD0880061EBDD /* Debug */ = {
			isa = XCBuildConfiguration;
			buildSettings = {
				CODE_SIGN_STYLE = Automatic;
				CURRENT_PROJECT_VERSION = 1;
				GENERATE_INFOPLIST_FILE = YES;
				MARKETING_VERSION = 1.0;
				PRODUCT_BUNDLE_IDENTIFIER = com.LibraryProjectUITests;
				PRODUCT_NAME = "$(TARGET_NAME)";
				SWIFT_EMIT_LOC_STRINGS = NO;
				SWIFT_VERSION = 5.0;
				TARGETED_DEVICE_FAMILY = "1,2";
				TEST_TARGET_NAME = LibraryProject;
			};
			name = Debug;
		};
		D208A2502DCFD0880061EBDD /* Release */ = {
			isa = XCBuildConfiguration;
			buildSettings = {
				CODE_SIGN_STYLE = Automatic;
				CURRENT_PROJECT_VERSION = 1;
				GENERATE_INFOPLIST_FILE = YES;
				MARKETING_VERSION = 1.0;
				PRODUCT_BUNDLE_IDENTIFIER = com.LibraryProjectUITests;
				PRODUCT_NAME = "$(TARGET_NAME)";
				SWIFT_EMIT_LOC_STRINGS = NO;
				SWIFT_VERSION = 5.0;
				TARGETED_DEVICE_FAMILY = "1,2";
				TEST_TARGET_NAME = LibraryProject;
			};
			name = Release;
		};
/* End XCBuildConfiguration section */

/* Begin XCConfigurationList section */
		D208A21A2DCFD06B0061EBDD /* Build configuration list for PBXProject "LibraryProject" */ = {
			isa = XCConfigurationList;
			buildConfigurations = (
				D208A2462DCFD0880061EBDD /* Debug */,
				D208A2472DCFD0880061EBDD /* Release */,
			);
			defaultConfigurationIsVisible = 0;
			defaultConfigurationName = Release;
		};
		D208A2482DCFD0880061EBDD /* Build configuration list for PBXNativeTarget "LibraryProject" */ = {
			isa = XCConfigurationList;
			buildConfigurations = (
				D208A2492DCFD0880061EBDD /* Debug */,
				D208A24A2DCFD0880061EBDD /* Release */,
			);
			defaultConfigurationIsVisible = 0;
			defaultConfigurationName = Release;
		};
		D208A24B2DCFD0880061EBDD /* Build configuration list for PBXNativeTarget "LibraryProjectTests" */ = {
			isa = XCConfigurationList;
			buildConfigurations = (
				D208A24C2DCFD0880061EBDD /* Debug */,
				D208A24D2DCFD0880061EBDD /* Release */,
			);
			defaultConfigurationIsVisible = 0;
			defaultConfigurationName = Release;
		};
		D208A24E2DCFD0880061EBDD /* Build configuration list for PBXNativeTarget "LibraryProjectUITests" */ = {
			isa = XCConfigurationList;
			buildConfigurations = (
				D208A24F2DCFD0880061EBDD /* Debug */,
				D208A2502DCFD0880061EBDD /* Release */,
			);
			defaultConfigurationIsVisible = 0;
			defaultConfigurationName = Release;
		};
/* End XCConfigurationList section */
	};
	rootObject = D208A2172DCFD06B0061EBDD /* Project object */;
}
